
Microsoft Visual Studio Solution File, Format Version 12.00
# Visual Studio Version 17
VisualStudioVersion = 17.10.34928.147
MinimumVisualStudioVersion = 10.0.40219.1
Project("{FAE04EC0-301F-11D3-BF4B-00C04F79EFBC}") = "JobAppLibrary", "JobAppLibrary\JobAppLibrary.csproj", "{45FE7C2C-09CA-4AB6-8731-F929C725A81B}"
EndProject
Project("{FAE04EC0-301F-11D3-BF4B-00C04F79EFBC}") = "DLLTest", "DLLTest\DLLTest.csproj", "{0E46EDF0-F027-4DFE-B2A5-A0C647276A2D}"
EndProject
Project("{FAE04EC0-301F-11D3-BF4B-00C04F79EFBC}") = "UnitTestsForJobAppLibrary", "UnitTestsForJobAppLibrary\UnitTestsForJobAppLibrary.csproj", "{B61BAE34-9FAB-4EB8-A145-3080C19A268C}"
EndProject
Global
	GlobalSection(SolutionConfigurationPlatforms) = preSolution
		Debug|Any CPU = Debug|Any CPU
		Release|Any CPU = Release|Any CPU
	EndGlobalSection
	GlobalSection(ProjectConfigurationPlatforms) = postSolution
		{45FE7C2C-09CA-4AB6-8731-F929C725A81B}.Debug|Any CPU.ActiveCfg = Debug|Any CPU
		{45FE7C2C-09CA-4AB6-8731-F929C725A81B}.Debug|Any CPU.Build.0 = Debug|Any CPU
		{45FE7C2C-09CA-4AB6-8731-F929C725A81B}.Release|Any CPU.ActiveCfg = Release|Any CPU
		{45FE7C2C-09CA-4AB6-8731-F929C725A81B}.Release|Any CPU.Build.0 = Release|Any CPU
		{0E46EDF0-F027-4DFE-B2A5-A0C647276A2D}.Debug|Any CPU.ActiveCfg = Debug|Any CPU
		{0E46EDF0-F027-4DFE-B2A5-A0C647276A2D}.Debug|Any CPU.Build.0 = Debug|Any CPU
		{0E46EDF0-F027-4DFE-B2A5-A0C647276A2D}.Release|Any CPU.ActiveCfg = Release|Any CPU
		{0E46EDF0-F027-4DFE-B2A5-A0C647276A2D}.Release|Any CPU.Build.0 = Release|Any CPU
		{B61BAE34-9FAB-4EB8-A145-3080C19A268C}.Debug|Any CPU.ActiveCfg = Debug|Any CPU
		{B61BAE34-9FAB-4EB8-A145-3080C19A268C}.Debug|Any CPU.Build.0 = Debug|Any CPU
		{B61BAE34-9FAB-4EB8-A145-3080C19A268C}.Release|Any CPU.ActiveCfg = Release|Any CPU
		{B61BAE34-9FAB-4EB8-A145-3080C19A268C}.Release|Any CPU.Build.0 = Release|Any CPU
	EndGlobalSection
	GlobalSection(SolutionProperties) = preSolution
		HideSolutionNode = FALSE
	EndGlobalSection
	GlobalSection(ExtensibilityGlobals) = postSolution
		SolutionGuid = {9DE3BD73-CBBA-4A5A-A486-072CB4FE1319}
	EndGlobalSection
EndGlobal
