
Microsoft Visual Studio Solution File, Format Version 12.00
# Visual Studio Version 17
VisualStudioVersion = 17.10.34928.147
MinimumVisualStudioVersion = 10.0.40219.1
Project("{FAE04EC0-301F-11D3-BF4B-00C04F79EFBC}") = "SupabaseLoadTest", "SupabaseLoadTest\SupabaseLoadTest.csproj", "{D3477BBE-2ACF-48E7-9844-07A76D23CDDE}"
EndProject
Global
	GlobalSection(SolutionConfigurationPlatforms) = preSolution
		Debug|Any CPU = Debug|Any CPU
		Release|Any CPU = Release|Any CPU
	EndGlobalSection
	GlobalSection(ProjectConfigurationPlatforms) = postSolution
		{D3477BBE-2ACF-48E7-9844-07A76D23CDDE}.Debug|Any CPU.ActiveCfg = Debug|Any CPU
		{D3477BBE-2ACF-48E7-9844-07A76D23CDDE}.Debug|Any CPU.Build.0 = Debug|Any CPU
		{D3477BBE-2ACF-48E7-9844-07A76D23CDDE}.Release|Any CPU.ActiveCfg = Release|Any CPU
		{D3477BBE-2ACF-48E7-9844-07A76D23CDDE}.Release|Any CPU.Build.0 = Release|Any CPU
	EndGlobalSection
	GlobalSection(SolutionProperties) = preSolution
		HideSolutionNode = FALSE
	EndGlobalSection
	GlobalSection(ExtensibilityGlobals) = postSolution
		SolutionGuid = {CB07E919-DFBF-4947-B616-5EB1249547E4}
	EndGlobalSection
EndGlobal
